<Solution>
  <Project Path="src/Concertable.AppHost.Shared/Concertable.AppHost.Shared.csproj" />
  <Project Path="src/Concertable.Build/Concertable.Build.csproj" />
  <Project Path="src/Concertable.DataAccess/Concertable.DataAccess.Application/Concertable.DataAccess.Application.csproj" />
  <Project Path="src/Concertable.DataAccess/Concertable.DataAccess.Infrastructure/Concertable.DataAccess.Infrastructure.csproj" />
  <Project Path="src/Concertable.Frontend.Hosting/Concertable.Frontend.Hosting.csproj" />
  <Project Path="src/Concertable.Messaging/Concertable.Messaging.Application/Concertable.Messaging.Application.csproj" />
  <Project Path="src/Concertable.Messaging/Concertable.Messaging.AzureServiceBus/Concertable.Messaging.AzureServiceBus.csproj" />
  <Project Path="src/Concertable.Messaging/Concertable.Messaging.Contracts/Concertable.Messaging.Contracts.csproj" />
  <Project Path="src/Concertable.Messaging/Concertable.Messaging.Domain/Concertable.Messaging.Domain.csproj" />
  <Project Path="src/Concertable.Messaging/Concertable.Messaging.Infrastructure/Concertable.Messaging.Infrastructure.csproj" />
  <Project Path="src/Concertable.ServiceDefaults/Concertable.ServiceDefaults.csproj" />
  <Project Path="src/Concertable.Shared/src/Concertable.Contracts/Concertable.Contracts.csproj" />
  <Project Path="src/Concertable.Shared/src/Concertable.Grpc/Concertable.Grpc.csproj" />
  <Project Path="src/Concertable.Shared/src/Concertable.Kernel/Concertable.Kernel.csproj" />
  <Project Path="src/Concertable.Shared/src/Concertable.Shared.Api/Concertable.Shared.Api.csproj" />
  <Project Path="src/Concertable.Shared/src/Concertable.Shared.Blob/Concertable.Shared.Blob.Application/Concertable.Shared.Blob.Application.csproj" />
  <Project Path="src/Concertable.Shared/src/Concertable.Shared.Blob/Concertable.Shared.Blob.Infrastructure/Concertable.Shared.Blob.Infrastructure.csproj" />
  <Project Path="src/Concertable.Shared/src/Concertable.Shared.Email/Concertable.Shared.Email.Application/Concertable.Shared.Email.Application.csproj" />
  <Project Path="src/Concertable.Shared/src/Concertable.Shared.Email/Concertable.Shared.Email.Infrastructure/Concertable.Shared.Email.Infrastructure.csproj" />
  <Project Path="src/Concertable.Shared/src/Concertable.Shared.Geocoding/Concertable.Shared.Geocoding.Application/Concertable.Shared.Geocoding.Application.csproj" />
  <Project Path="src/Concertable.Shared/src/Concertable.Shared.Geocoding/Concertable.Shared.Geocoding.Infrastructure/Concertable.Shared.Geocoding.Infrastructure.csproj" />
  <Project Path="src/Concertable.Shared/src/Concertable.Shared.Imaging/Concertable.Shared.Imaging.Application/Concertable.Shared.Imaging.Application.csproj" />
  <Project Path="src/Concertable.Shared/src/Concertable.Shared.Imaging/Concertable.Shared.Imaging.Infrastructure/Concertable.Shared.Imaging.Infrastructure.csproj" />
  <Project Path="src/Concertable.Shared/src/Concertable.Shared.Notification/Concertable.Shared.Notification.Infrastructure/Concertable.Shared.Notification.Infrastructure.csproj" />
  <Project Path="src/Concertable.Shared/src/Concertable.Shared.Pdf/Concertable.Shared.Pdf.Application/Concertable.Shared.Pdf.Application.csproj" />
  <Project Path="src/Concertable.Shared/src/Concertable.Shared.Pdf/Concertable.Shared.Pdf.Infrastructure/Concertable.Shared.Pdf.Infrastructure.csproj" />
  <Project Path="src/Concertable.Shared/src/Concertable.Shared.QrCode/Concertable.Shared.QrCode.Application/Concertable.Shared.QrCode.Application.csproj" />
  <Project Path="src/Concertable.Shared/src/Concertable.Shared.QrCode/Concertable.Shared.QrCode.Infrastructure/Concertable.Shared.QrCode.Infrastructure.csproj" />
  <Project Path="src/Concertable.Shared/src/Seed/Concertable.Seed.Identity/Concertable.Seed.Identity.csproj" />
  <Project Path="src/Concertable.Shared/src/Seed/Concertable.Seed.Infrastructure/Concertable.Seed.Infrastructure.csproj" />
  <Project Path="src/Concertable.Shared/src/Seed/Concertable.Seed.Shared/Concertable.Seed.Shared.csproj" />
  <Project Path="src/Concertable.Shared/tests/Concertable.Testing.Architecture/Concertable.Testing.Architecture.csproj" />
  <Project Path="src/Concertable.Shared/tests/Concertable.Testing.Integration/Concertable.Testing.Integration.csproj" />
  <Project Path="src/Concertable.Shared/tests/Concertable.Testing.Unit/Concertable.Testing.Unit.csproj" />
  <Project Path="src/Concertable.Shared/tests/Concertable.Testing/Concertable.Testing.csproj" />
</Solution>
